github.com/aws/aws-lambda-go v1.31.1 h1:ECZ4ECLm+watHJ+mjNK8D4gU66UVuR8MfqDKTr/Ffkc=
github.com/aws/aws-lambda-go v1.31.1/go.mod h1:IF5Q7wj4VyZyUFnZ54IQqeWtctHQ9tz+KhcbDenr220=
github.com/aws/aws-sdk-go-v2 v1.16.3 h1:0W1TSJ7O6OzwuEvIXAtJGvOeQ0SGAhcpxPN2/NK5EhM=
github.com/aws/aws-sdk-go-v2 v1.16.3/go.mod h1:ytwTPBG6fXTZLxxeeCCWj2/EMYp/xDUgX+OET6TLNNU=
github.com/aws/aws-sdk-go-v2/aws/protocol/eventstream v1.4.1 h1:SdK4Ppk5IzLs64ZMvr6MrSficMtjY2oS0WOORXTlxwU=
github.com/aws/aws-sdk-go-v2/aws/protocol/eventstream v1.4.1/go.mod h1:n8Bs1ElDD2wJ9kCRTczA83gYbBmjSwZp3umc6zF4EeM=
github.com/aws/aws-sdk-go-v2/config v1.15.4 h1:P4mesY1hYUxru4f9SU0XxNKXmzfxsD0FtMIPRBjkH7Q=
github.com/aws/aws-sdk-go-v2/config v1.15.4/go.mod h1:ZijHHh0xd/A+ZY53az0qzC5tT46kt4JVCePf2NX9Lk4=
github.com/aws/aws-sdk-go-v2/credentials v1.12.0 h1:4R/NqlcRFSkR0wxOhgHi+agGpbEr5qMCjn7VqUIJY+E=
github.com/aws/aws-sdk-go-v2/credentials v1.12.0/go.mod h1:9YWk7VW+eyKsoIL6/CljkTrNVWBSK9pkqOPUuijid4A=
github.com/aws/aws-sdk-go-v2/feature/ec2/imds v1.12.4 h1:FP8gquGeGHHdfY6G5llaMQDF+HAf20VKc8opRwmjf04=
github.com/aws/aws-sdk-go-v2/feature/ec2/imds v1.12.4/go.mod h1:u/s5/Z+ohUQOPXl00m2yJVyioWDECsbpXTQlaqSlufc=
github.com/aws/aws-sdk-go-v2/feature/s3/manager v1.11.7 h1:h1y9Jn+1VTEjB4TG5prxtQjW9DM5o8y7Cu9ZdNmkXWA=
github.com/aws/aws-sdk-go-v2/feature/s3/manager v1.11.7/go.mod h1:NZ2wPktB/I111CyzF3ezVf8jrAg/PqKeYkdR11oBWeU=
github.com/aws/aws-sdk-go-v2/internal/configsources v1.1.10 h1:uFWgo6mGJI1n17nbcvSc6fxVuR3xLNqvXt12JCnEcT8=
github.com/aws/aws-sdk-go-v2/internal/configsources v1.1.10/go.mod h1:F+EZtuIwjlv35kRJPyBGcsA4f7bnSoz15zOQ2lJq1Z4=
github.com/aws/aws-sdk-go-v2/internal/endpoints/v2 v2.4.4 h1:cnsvEKSoHN4oAN7spMMr0zhEW2MHnhAVpmqQg8E6UcM=
github.com/aws/aws-sdk-go-v2/internal/endpoints/v2 v2.4.4/go.mod h1:8glyUqVIM4AmeenIsPo0oVh3+NUwnsQml2OFupfQW+0=
github.com/aws/aws-sdk-go-v2/internal/ini v1.3.11 h1:6cZRymlLEIlDTEB0+5+An6Zj1CKt6rSE69tOmFeu1nk=
github.com/aws/aws-sdk-go-v2/internal/ini v1.3.11/go.mod h1:0MR+sS1b/yxsfAPvAESrw8NfwUoxMinDyw6EYR9BS2U=
github.com/aws/aws-sdk-go-v2/internal/v4a v1.0.1 h1:C21IDZCm9Yu5xqjb3fKmxDoYvJXtw1DNlOmLZEIlY1M=
github.com/aws/aws-sdk-go-v2/internal/v4a v1.0.1/go.mod h1:l/BbcfqDCT3hePawhy4ZRtewjtdkl6GWtd9/U+1penQ=
github.com/aws/aws-sdk-go-v2/service/internal/accept-encoding v1.9.1 h1:T4pFel53bkHjL2mMo+4DKE6r6AuoZnM0fg7k1/ratr4=
github.com/aws/aws-sdk-go-v2/service/internal/accept-encoding v1.9.1/go.mod h1:GeUru+8VzrTXV/83XyMJ80KpH8xO89VPoUileyNQ+tc=
github.com/aws/aws-sdk-go-v2/service/internal/checksum v1.1.5 h1:9LSZqt4v1JiehyZTrQnRFf2mY/awmyYNNY/b7zqtduU=
github.com/aws/aws-sdk-go-v2/service/internal/checksum v1.1.5/go.mod h1:S8TVP66AAkMMdYYCNZGvrdEq9YRm+qLXjio4FqRnrEE=
github.com/aws/aws-sdk-go-v2/service/internal/presigned-url v1.9.4 h1:b16QW0XWl0jWjLABFc1A+uh145Oqv+xDcObNk0iQgUk=
github.com/aws/aws-sdk-go-v2/service/internal/presigned-url v1.9.4/go.mod h1:uKkN7qmSIsNJVyMtxNQoCEYMvFEXbOg9fwCJPdfp2u8=
github.com/aws/aws-sdk-go-v2/service/internal/s3shared v1.13.4 h1:RE/DlZLYrz1OOmq8F28IXHLksuuvlpzUbvJ+SESCZBI=
github.com/aws/aws-sdk-go-v2/service/internal/s3shared v1.13.4/go.mod h1:oudbsSdDtazNj47z1ut1n37re9hDsKpk2ZI3v7KSxq0=
github.com/aws/aws-sdk-go-v2/service/s3 v1.26.7 h1:ZEPH6aBywdyn5LGr7hSNEwuPaKpKZodX0R9AjPj5A7c=
github.com/aws/aws-sdk-go-v2/service/s3 v1.26.7/go.mod h1:iMYipLPXlWpBJ0KFX7QJHZ84rBydHBY8as2aQICTPWk=
github.com/aws/aws-sdk-go-v2/service/ses v1.14.4 h1:ke4Kp6GolWjw9xTtE9PQPw+jN/zcBi9pcunAh9apAW8=
github.com/aws/aws-sdk-go-v2/service/ses v1.14.4/go.mod h1:YPeSVmu3+2iUSCUIspo+vvFe3LKCIW8x8Dxnuadh6AU=
github.com/aws/aws-sdk-go-v2/service/sso v1.11.4 h1:Uw5wBybFQ1UeA9ts0Y07gbv0ncZnIAyw858tDW0NP2o=
github.com/aws/aws-sdk-go-v2/service/sso v1.11.4/go.mod h1:cPDwJwsP4Kff9mldCXAmddjJL6JGQqtA3Mzer2zyr88=
github.com/aws/aws-sdk-go-v2/service/sts v1.16.4 h1:+xtV90n3abQmgzk1pS++FdxZTrPEDgQng6e4/56WR2A=
github.com/aws/aws-sdk-go-v2/service/sts v1.16.4/go.mod h1:lfSYenAXtavyX2A1LsViglqlG9eEFYxNryTZS5rn3QE=
github.com/aws/smithy-go v1.11.2 h1:eG/N+CcUMAvsdffgMvjMKwfyDzIkjM6pfxMJ8Mzc6mE=
github.com/aws/smithy-go v1.11.2/go.mod h1:3xHYmszWVx2c0kIwQeEVf9uSm4fYZt67FBJnwub1bgM=
github.com/cention-sany/utf7 v0.0.0-20170124080048-26cad61bd60a h1:MISbI8sU/PSK/ztvmWKFcI7UGb5/HQT7B+i3a2myKgI=
github.com/cention-sany/utf7 v0.0.0-20170124080048-26cad61bd60a/go.mod h1:2GxOXOlEPAMFPfp014mK1SWq8G8BN8o7/dfYqJrVGn8=
github.com/davecgh/go-spew v1.1.0/go.mod h1:J7Y8YcW2NihsgmVo/mv3lAwl/skON4iLHjSsI+c5H38=
github.com/davecgh/go-spew v1.1.1 h1:vj9j/u1bqnvCEfJOwUhtlOARqs3+rkHYY13jYWTU97c=
github.com/davecgh/go-spew v1.1.1/go.mod h1:J7Y8YcW2NihsgmVo/mv3lAwl/skON4iLHjSsI+c5H38=
github.com/fogleman/gg v1.3.0 h1:/7zJX8F6AaYQc57WQCyN9cAIz+4bCJGO9B+dyW29am8=
github.com/fogleman/gg v1.3.0/go.mod h1:R/bRT+9gY/C5z7JzPU0zXsXHKM4/ayA+zqcVNZzPa1k=
github.com/go-test/deep v1.0.7 h1:/VSMRlnY/JSyqxQUzQLKVMAskpY/NZKFA5j2P+0pP2M=
github.com/go-test/deep v1.0.7/go.mod h1:QV8Hv/iy04NyLBxAdO9njL0iVPN1S4d/A3NVv1V36o8=
github.com/gogs/chardet v0.0.0-20191104214054-4b6791f73a28 h1:gBeyun7mySAKWg7Fb0GOcv0upX9bdaZScs8QcRo8mEY=
github.com/gogs/chardet v0.0.0-20191104214054-4b6791f73a28/go.mod h1:Pcatq5tYkCW2Q6yrR2VRHlbHpZ/R4/7qyL1TCF7vl14=
github.com/golang/freetype v0.0.0-20170609003504-e2365dfdc4a0 h1:DACJavvAHhabrF08vX0COfcOBJRhZ8lUbR+ZWIs0Y5g=
github.com/golang/freetype v0.0.0-20170609003504-e2365dfdc4a0/go.mod h1:E/TSTwGwJL78qG/PmXZO1EjYhfJinVAhrmmHX6Z8B9k=
github.com/google/go-cmp v0.5.4/go.mod h1:v8dTdLbMG2kIc/vJvl+f65V22dbkXbowE6jgT/gNBxE=
github.com/google/go-cmp v0.5.7 h1:81/ik6ipDQS2aGcBfIN5dHDB36BwrStyeAQquSYCV4o=
github.com/google/go-cmp v0.5.7/go.mod h1:n+brtR0CgQNWTVd5ZUFpTBC8YFBDLK/h/bpaJ8/DtOE=
github.com/gosimple/slug v1.12.0 h1:xzuhj7G7cGtd34NXnW/yF0l+AGNfWqwgh/IXgFy7dnc=
github.com/gosimple/slug v1.12.0/go.mod h1:UiRaFH+GEilHstLUmcBgWcI42viBN7mAb818JrYOeFQ=
github.com/gosimple/unidecode v1.0.1 h1:hZzFTMMqSswvf0LBJZCZgThIZrpDHFXux9KeGmn6T/o=
github.com/gosimple/unidecode v1.0.1/go.mod h1:CP0Cr1Y1kogOtx0bJblKzsVWrqYaqfNOnHzpgWw4Awc=
github.com/jaytaylor/html2text v0.0.0-20200412013138-3577fbdbcff7 h1:g0fAGBisHaEQ0TRq1iBvemFRf+8AEWEmBESSiWB3Vsc=
github.com/jaytaylor/html2text v0.0.0-20200412013138-3577fbdbcff7/go.mod h1:CVKlgaMiht+LXvHG173ujK6JUhZXKb2u/BQtjPDIvyk=
github.com/jhillyerd/enmime v0.9.3 h1:XKqSbnX3AV+MbzM2NnhRlO6BBa123sPTdwtGl2pySik=
github.com/jhillyerd/enmime v0.9.3/go.mod h1:S5ge4lnv/dDDBbAWwtoOFlj14NHiXdw/EqMB2lJz3b8=
github.com/jmespath/go-jmespath v0.4.0 h1:BEgLn5cpjn8UN1mAw4NjwDrS35OdebyEtFe+9YPoQUg=
github.com/jmespath/go-jmespath v0.4.0/go.mod h1:T8mJZnbsbmF+m6zOOFylbeCJqk5+pHWvzYPziyZiYoo=
github.com/jmespath/go-jmespath/internal/testify v1.5.1 h1:shLQSRRSCCPj3f2gpwzGwWFoC7ycTf1rcQZHOlsJ6N8=
github.com/jmespath/go-jmespath/internal/testify v1.5.1/go.mod h1:L3OGu8Wl2/fWfCI6z80xFu9LTZmf1ZRjMHUOPmWr69U=
github.com/mattn/go-runewidth v0.0.9/go.mod h1:H031xJmbD/WCDINGzjvQ9THkh0rPKHF+m2gUSrubnMI=
github.com/mattn/go-runewidth v0.0.12 h1:Y41i/hVW3Pgwr8gV+J23B9YEY0zxjptBuCWEaxmAOow=
github.com/mattn/go-runewidth v0.0.12/go.mod h1:RAqKPSqVFrSLVXbA8x7dzmKdmGzieGRCM46jaSJTDAk=
github.com/olekukonko/tablewriter v0.0.5 h1:P2Ga83D34wi1o9J6Wh1mRuqd4mF/x/lgBS7N7AbDhec=
github.com/olekukonko/tablewriter v0.0.5/go.mod h1:hPp6KlRPjbx+hW8ykQs1w3UBbZlj6HuIJcUGPhkA7kY=
github.com/pkg/errors v0.9.1 h1:FEBLx1zS214owpjy7qsBeixbURkuhQAwrK5UwLGTwt4=
github.com/pkg/errors v0.9.1/go.mod h1:bwawxfHBFNV+L2hUp1rHADufV3IMtnDRdf1r5NINEl0=
github.com/pmezard/go-difflib v1.0.0 h1:4DBwDE0NGyQoBHbLQYPwSUPoCMWR5BEzIk/f1lZbAQM=
github.com/pmezard/go-difflib v1.0.0/go.mod h1:iKH77koFhYxTK1pcRnkKkqfTogsbg7gZNVY4sRDYZ/4=
github.com/psanford/memfs v0.0.0-20210214183328-a001468d78ef h1:NKxTG6GVGbfMXc2mIk+KphcH6hagbVXhcFkbTgYleTI=
github.com/psanford/memfs v0.0.0-20210214183328-a001468d78ef/go.mod h1:tcaRap0jS3eifrEEllL6ZMd9dg8IlDpi2S1oARrQ+NI=
github.com/rivo/uniseg v0.1.0/go.mod h1:J6wj4VEh+S6ZtnVlnTBMWIodfgj8LQOQFoIToxlJtxc=
github.com/rivo/uniseg v0.2.0 h1:S1pD9weZBuJdFmowNwbpi7BJ8TNftyUImj/0WQi72jY=
github.com/rivo/uniseg v0.2.0/go.mod h1:J6wj4VEh+S6ZtnVlnTBMWIodfgj8LQOQFoIToxlJtxc=
github.com/ssor/bom v0.0.0-20170718123548-6386211fdfcf h1:pvbZ0lM0XWPBqUKqFU8cmavspvIl9nulOYwdy6IFRRo=
github.com/ssor/bom v0.0.0-20170718123548-6386211fdfcf/go.mod h1:RJID2RhlZKId02nZ62WenDCkgHFerpIOmW0iT7GKmXM=
github.com/stretchr/objx v0.1.0 h1:4G4v2dO3VZwixGIRoQ5Lfboy6nUhCyYzaqnIAPPhYs4=
github.com/stretchr/objx v0.1.0/go.mod h1:HFkY916IF+rwdDfMAkV7OtwuqBVzrE8GR6GFx+wExME=
github.com/stretchr/testify v1.7.1 h1:5TQK59W5E3v0r2duFAb7P95B6hEeOyEnHRa8MjYSMTY=
github.com/stretchr/testify v1.7.1/go.mod h1:6Fq8oRcR53rry900zMqJjRRixrwX3KX962/h/Wwjteg=
github.com/yeqown/go-qrcode/v2 v2.2.1 h1:Jc1Q916fwC05R8C7mpWDbrT9tyLPaLLKDABoC5XBCe8=
github.com/yeqown/go-qrcode/v2 v2.2.1/go.mod h1:2Qsk2APUCPne0TsRo40DIkI5MYnbzYKCnKGEFWrxd24=
github.com/yeqown/go-qrcode/writer/standard v1.2.1 h1:FMRZiur5yApUIe4fqtqmcdl/XQTZAZWt2DhkPx4VIW0=
github.com/yeqown/go-qrcode/writer/standard v1.2.1/go.mod h1:ZelyDFiVymrauRjUn454iF7bjsabmB1vixkDA5kq2bw=
github.com/yeqown/reedsolomon v1.0.0 h1:x1h/Ej/uJnNu8jaX7GLHBWmZKCAWjEJTetkqaabr4B0=
github.com/yeqown/reedsolomon v1.0.0/go.mod h1:P76zpcn2TCuL0ul1Fso373qHRc69LKwAw/Iy6g1WiiM=
golang.org/x/image v0.0.0-20220413100746-70e8d0d3baa9 h1:LRtI4W37N+KFebI/qV0OFiLUv4GLOWeEW5hn/KEJvxE=
golang.org/x/image v0.0.0-20220413100746-70e8d0d3baa9/go.mod h1:023OzeP/+EPmXeapQh35lcL3II3LrY8Ic+EFFKVhULM=
golang.org/x/net v0.0.0-20210501142056-aec3718b3fa0 h1:6QqBc2UURz4Sbr4IE15uXM8CTQlHnRdtKuogDhwnu2Y=
golang.org/x/net v0.0.0-20210501142056-aec3718b3fa0/go.mod h1:OJAsFXCWl8Ukc7SiCT/9KSuxbyM7479/AVlXFRxuMCk=
golang.org/x/sys v0.0.0-20201119102817-f84b799fce68/go.mod h1:h1NjWce9XRLGQEsW7wpKNCjG9DtNlClVuFLEZdDNbEs=
golang.org/x/sys v0.0.0-20210423082822-04245dca01da/go.mod h1:h1NjWce9XRLGQEsW7wpKNCjG9DtNlClVuFLEZdDNbEs=
golang.org/x/term v0.0.0-20201126162022-7de9c90e9dd1/go.mod h1:bj7SfCRtBDWHUb9snDiAeCFNEtKQo2Wmx5Cou7ajbmo=
golang.org/x/text v0.3.6 h1:aRYxNxv6iGQlyVaZmk6ZgYEDa+Jg18DxebPSrd6bg1M=
golang.org/x/text v0.3.6/go.mod h1:5Zoc/QRtKVWzQhOtBMvqHzDpF6irO9z98xDceosuGiQ=
golang.org/x/tools v0.0.0-20180917221912-90fa682c2a6e/go.mod h1:n7NCudcB/nEzxVGmLbDWY5pfWTLqBcC2KZ6jyYvM4mQ=
golang.org/x/xerrors v0.0.0-20191204190536-9bdfabe68543 h1:E7g+9GITq07hpfrRu66IVDexMakfv52eLZ2CXBWiKr4=
golang.org/x/xerrors v0.0.0-20191204190536-9bdfabe68543/go.mod h1:I/5z698sn9Ka8TeJc9MKroUUfqBBauWjQqLJ2OPfmY0=
gopkg.in/check.v1 v0.0.0-20161208181325-20d25e280405 h1:yhCVgyC4o1eVCa2tZl7eS0r+SDo693bJlVdllGtEeKM=
gopkg.in/check.v1 v0.0.0-20161208181325-20d25e280405/go.mod h1:Co6ibVJAznAaIkqp8huTwlJQCZ016jof/cbN4VW5Yz0=
gopkg.in/yaml.v2 v2.2.8 h1:obN1ZagJSUGI0Ek/LBmuj4SNLPfIny3KsKFopxRdj10=
gopkg.in/yaml.v2 v2.2.8/go.mod h1:hI93XBmqTisBFMUTm0b8Fm+jr3Dg1NNxqwp+5A1VGuI=
gopkg.in/yaml.v3 v3.0.0-20200313102051-9f266ea9e77c/go.mod h1:K4uyk7z7BCEPqu6E+C64Yfv1cQ7kz7rIZviUmN+EgEM=
gopkg.in/yaml.v3 v3.0.0-20200615113413-eeeca48fe776 h1:tQIYjPdBoyREyB9XMu+nnTclpTYkz2zFM+lzLJFO4gQ=
gopkg.in/yaml.v3 v3.0.0-20200615113413-eeeca48fe776/go.mod h1:K4uyk7z7BCEPqu6E+C64Yfv1cQ7kz7rIZviUmN+EgEM=
